// !$*UTF8*$!
{
	archiveVersion = 1;
	classes = {
	};
	objectVersion = 50;
	objects = {

/* Begin PBXBuildFile section */
		35F965808DEE170EE240AFC0 /* libPods-FoldingTableView.a in Frameworks */ = {isa = PBXBuildFile; fileRef = AC1EE8D4E3D45BA766E22D1D /* libPods-FoldingTableView.a */; };
		44AA86662175CC9900AD2F88 /* AppDelegate.m in Sources */ = {isa = PBXBuildFile; fileRef = 44AA86652175CC9900AD2F88 /* AppDelegate.m */; };
		44AA86692175CC9900AD2F88 /* ViewController.m in Sources */ = {isa = PBXBuildFile; fileRef = 44AA86682175CC9900AD2F88 /* ViewController.m */; };
		44AA866C2175CC9900AD2F88 /* Main.storyboard in Resources */ = {isa = PBXBuildFile; fileRef = 44AA866A2175CC9900AD2F88 /* Main.storyboard */; };
		44AA866E2175CC9A00AD2F88 /* Assets.xcassets in Resources */ = {isa = PBXBuildFile; fileRef = 44AA866D2175CC9A00AD2F88 /* Assets.xcassets */; };
		44AA86712175CC9A00AD2F88 /* LaunchScreen.storyboard in Resources */ = {isa = PBXBuildFile; fileRef = 44AA866F2175CC9A00AD2F88 /* LaunchScreen.storyboard */; };
		44AA86742175CC9A00AD2F88 /* main.m in Sources */ = {isa = PBXBuildFile; fileRef = 44AA86732175CC9A00AD2F88 /* main.m */; };
		44AA867E2175CF2F00AD2F88 /* SectionModel.m in Sources */ = {isa = PBXBuildFile; fileRef = 44AA867D2175CF2F00AD2F88 /* SectionModel.m */; };
		44AA86822175CF9A00AD2F88 /* Header.m in Sources */ = {isa = PBXBuildFile; fileRef = 44AA86812175CF9A00AD2F88 /* Header.m */; };
		44AA86862175D30100AD2F88 /* OptionalTableViewCell.m in Sources */ = {isa = PBXBuildFile; fileRef = 44AA86842175D30100AD2F88 /* OptionalTableViewCell.m */; };
		44AA86872175D30100AD2F88 /* OptionalTableViewCell.xib in Resources */ = {isa = PBXBuildFile; fileRef = 44AA86852175D30100AD2F88 /* OptionalTableViewCell.xib */; };
		44AA868F2175DDC000AD2F88 /* CellModel.m in Sources */ = {isa = PBXBuildFile; fileRef = 44AA868E2175DDC000AD2F88 /* CellModel.m */; };
/* End PBXBuildFile section */

/* Begin PBXFileReference section */
		1639015A242CC3C1793D6E6A /* Pods-FoldingTableView.debug.xcconfig */ = {isa = PBXFileReference; includeInIndex = 1; lastKnownFileType = text.xcconfig; name = "Pods-FoldingTableView.debug.xcconfig"; path = "Pods/Target Support Files/Pods-FoldingTableView/Pods-FoldingTableView.debug.xcconfig"; sourceTree = "<group>"; };
		1B2F967DF202DE6238B5E905 /* Pods-FoldingTableView.release.xcconfig */ = {isa = PBXFileReference; includeInIndex = 1; lastKnownFileType = text.xcconfig; name = "Pods-FoldingTableView.release.xcconfig"; path = "Pods/Target Support Files/Pods-FoldingTableView/Pods-FoldingTableView.release.xcconfig"; sourceTree = "<group>"; };
		44AA86612175CC9900AD2F88 /* FoldingTableView.app */ = {isa = PBXFileReference; explicitFileType = wrapper.application; includeInIndex = 0; path = FoldingTableView.app; sourceTree = BUILT_PRODUCTS_DIR; };
		44AA86642175CC9900AD2F88 /* AppDelegate.h */ = {isa = PBXFileReference; lastKnownFileType = sourcecode.c.h; path = AppDelegate.h; sourceTree = "<group>"; };
		44AA86652175CC9900AD2F88 /* AppDelegate.m */ = {isa = PBXFileReference; lastKnownFileType = sourcecode.c.objc; path = AppDelegate.m; sourceTree = "<group>"; };
		44AA86672175CC9900AD2F88 /* ViewController.h */ = {isa = PBXFileReference; lastKnownFileType = sourcecode.c.h; path = ViewController.h; sourceTree = "<group>"; };
		44AA86682175CC9900AD2F88 /* ViewController.m */ = {isa = PBXFileReference; lastKnownFileType = sourcecode.c.objc; path = ViewController.m; sourceTree = "<group>"; };
		44AA866B2175CC9900AD2F88 /* Base */ = {isa = PBXFileReference; lastKnownFileType = file.storyboard; name = Base; path = Base.lproj/Main.storyboard; sourceTree = "<group>"; };
		44AA866D2175CC9A00AD2F88 /* Assets.xcassets */ = {isa = PBXFileReference; lastKnownFileType = folder.assetcatalog; path = Assets.xcassets; sourceTree = "<group>"; };
		44AA86702175CC9A00AD2F88 /* Base */ = {isa = PBXFileReference; lastKnownFileType = file.storyboard; name = Base; path = Base.lproj/LaunchScreen.storyboard; sourceTree = "<group>"; };
		44AA86722175CC9A00AD2F88 /* Info.plist */ = {isa = PBXFileReference; lastKnownFileType = text.plist.xml; path = Info.plist; sourceTree = "<group>"; };
		44AA86732175CC9A00AD2F88 /* main.m */ = {isa = PBXFileReference; lastKnownFileType = sourcecode.c.objc; path = main.m; sourceTree = "<group>"; };
		44AA867C2175CF2F00AD2F88 /* SectionModel.h */ = {isa = PBXFileReference; fileEncoding = 4; lastKnownFileType = sourcecode.c.h; path = SectionModel.h; sourceTree = "<group>"; };
		44AA867D2175CF2F00AD2F88 /* SectionModel.m */ = {isa = PBXFileReference; fileEncoding = 4; lastKnownFileType = sourcecode.c.objc; path = SectionModel.m; sourceTree = "<group>"; };
		44AA86802175CF9A00AD2F88 /* Header.h */ = {isa = PBXFileReference; lastKnownFileType = sourcecode.c.h; path = Header.h; sourceTree = "<group>"; };
		44AA86812175CF9A00AD2F88 /* Header.m */ = {isa = PBXFileReference; lastKnownFileType = sourcecode.c.objc; path = Header.m; sourceTree = "<group>"; };
		44AA86832175D30100AD2F88 /* OptionalTableViewCell.h */ = {isa = PBXFileReference; lastKnownFileType = sourcecode.c.h; path = OptionalTableViewCell.h; sourceTree = "<group>"; };
		44AA86842175D30100AD2F88 /* OptionalTableViewCell.m */ = {isa = PBXFileReference; lastKnownFileType = sourcecode.c.objc; path = OptionalTableViewCell.m; sourceTree = "<group>"; };
		44AA86852175D30100AD2F88 /* OptionalTableViewCell.xib */ = {isa = PBXFileReference; lastKnownFileType = file.xib; path = OptionalTableViewCell.xib; sourceTree = "<group>"; };
		44AA868D2175DDC000AD2F88 /* CellModel.h */ = {isa = PBXFileReference; lastKnownFileType = sourcecode.c.h; path = CellModel.h; sourceTree = "<group>"; };
		44AA868E2175DDC000AD2F88 /* CellModel.m */ = {isa = PBXFileReference; lastKnownFileType = sourcecode.c.objc; path = CellModel.m; sourceTree = "<group>"; };
		44AA86902175E27700AD2F88 /* PrefixHeader.pch */ = {isa = PBXFileReference; lastKnownFileType = sourcecode.c.h; path = PrefixHeader.pch; sourceTree = "<group>"; };
		AC1EE8D4E3D45BA766E22D1D /* libPods-FoldingTableView.a */ = {isa = PBXFileReference; explicitFileType = archive.ar; includeInIndex = 0; path = "libPods-FoldingTableView.a"; sourceTree = BUILT_PRODUCTS_DIR; };
/* End PBXFileReference section */

/* Begin PBXFrameworksBuildPhase section */
		44AA865E2175CC9900AD2F88 /* Frameworks */ = {
			isa = PBXFrameworksBuildPhase;
			buildActionMask = 2147483647;
			files = (
				35F965808DEE170EE240AFC0 /* libPods-FoldingTableView.a in Frameworks */,
			);
			runOnlyForDeploymentPostprocessing = 0;
		};
/* End PBXFrameworksBuildPhase section */

/* Begin PBXGroup section */
		40193A2D70322F791D44173B /* Pods */ = {
			isa = PBXGroup;
			children = (
				1639015A242CC3C1793D6E6A /* Pods-FoldingTableView.debug.xcconfig */,
				1B2F967DF202DE6238B5E905 /* Pods-FoldingTableView.release.xcconfig */,
			);
			name = Pods;
			sourceTree = "<group>";
		};
		44AA86582175CC9900AD2F88 = {
			isa = PBXGroup;
			children = (
				44AA86632175CC9900AD2F88 /* FoldingTableView */,
				44AA86622175CC9900AD2F88 /* Products */,
				40193A2D70322F791D44173B /* Pods */,
				97DD23A22F31042228868D26 /* Frameworks */,
			);
			sourceTree = "<group>";
		};
		44AA86622175CC9900AD2F88 /* Products */ = {
			isa = PBXGroup;
			children = (
				44AA86612175CC9900AD2F88 /* FoldingTableView.app */,
			);
			name = Products;
			sourceTree = "<group>";
		};
		44AA86632175CC9900AD2F88 /* FoldingTableView */ = {
			isa = PBXGroup;
			children = (
				44AA867F2175CF7200AD2F88 /* View */,
				44AA867A2175CE9400AD2F88 /* Model */,
				44AA867B2175CE9B00AD2F88 /* Supporting Files */,
				44AA86672175CC9900AD2F88 /* ViewController.h */,
				44AA86682175CC9900AD2F88 /* ViewController.m */,
				44AA866A2175CC9900AD2F88 /* Main.storyboard */,
				44AA866D2175CC9A00AD2F88 /* Assets.xcassets */,
			);
			path = FoldingTableView;
			sourceTree = "<group>";
		};
		44AA867A2175CE9400AD2F88 /* Model */ = {
			isa = PBXGroup;
			children = (
				44AA867C2175CF2F00AD2F88 /* SectionModel.h */,
				44AA867D2175CF2F00AD2F88 /* SectionModel.m */,
				44AA868D2175DDC000AD2F88 /* CellModel.h */,
				44AA868E2175DDC000AD2F88 /* CellModel.m */,
			);
			path = Model;
			sourceTree = "<group>";
		};
		44AA867B2175CE9B00AD2F88 /* Supporting Files */ = {
			isa = PBXGroup;
			children = (
				44AA86642175CC9900AD2F88 /* AppDelegate.h */,
				44AA86652175CC9900AD2F88 /* AppDelegate.m */,
				44AA866F2175CC9A00AD2F88 /* LaunchScreen.storyboard */,
				44AA86722175CC9A00AD2F88 /* Info.plist */,
				44AA86732175CC9A00AD2F88 /* main.m */,
				44AA86902175E27700AD2F88 /* PrefixHeader.pch */,
			);
			name = "Supporting Files";
			sourceTree = "<group>";
		};
		44AA867F2175CF7200AD2F88 /* View */ = {
			isa = PBXGroup;
			children = (
				44AA86802175CF9A00AD2F88 /* Header.h */,
				44AA86812175CF9A00AD2F88 /* Header.m */,
				44AA86832175D30100AD2F88 /* OptionalTableViewCell.h */,
				44AA86842175D30100AD2F88 /* OptionalTableViewCell.m */,
				44AA86852175D30100AD2F88 /* OptionalTableViewCell.xib */,
			);
			path = View;
			sourceTree = "<group>";
		};
		97DD23A22F31042228868D26 /* Frameworks */ = {
			isa = PBXGroup;
			children = (
				AC1EE8D4E3D45BA766E22D1D /* libPods-FoldingTableView.a */,
			);
			name = Frameworks;
			sourceTree = "<group>";
		};
/* End PBXGroup section */

/* Begin PBXNativeTarget section */
		44AA86602175CC9900AD2F88 /* FoldingTableView */ = {
			isa = PBXNativeTarget;
			buildConfigurationList = 44AA86772175CC9A00AD2F88 /* Build configuration list for PBXNativeTarget "FoldingTableView" */;
			buildPhases = (
				10B6F0047F31E0DE1B7B3EF3 /* [CP] Check Pods Manifest.lock */,
				44AA865D2175CC9900AD2F88 /* Sources */,
				44AA865E2175CC9900AD2F88 /* Frameworks */,
				44AA865F2175CC9900AD2F88 /* Resources */,
			);
			buildRules = (
			);
			dependencies = (
			);
			name = FoldingTableView;
			productName = FoldingTableView;
			productReference = 44AA86612175CC9900AD2F88 /* FoldingTableView.app */;
			productType = "com.apple.product-type.application";
		};
/* End PBXNativeTarget section */

/* Begin PBXProject section */
		44AA86592175CC9900AD2F88 /* Project object */ = {
			isa = PBXProject;
			attributes = {
				LastUpgradeCheck = 0940;
				ORGANIZATIONNAME = EmmaCao;
				TargetAttributes = {
					44AA86602175CC9900AD2F88 = {
						CreatedOnToolsVersion = 9.4.1;
					};
				};
			};
			buildConfigurationList = 44AA865C2175CC9900AD2F88 /* Build configuration list for PBXProject "FoldingTableView" */;
			compatibilityVersion = "Xcode 9.3";
			developmentRegion = en;
			hasScannedForEncodings = 0;
			knownRegions = (
				en,
				Base,
			);
			mainGroup = 44AA86582175CC9900AD2F88;
			productRefGroup = 44AA86622175CC9900AD2F88 /* Products */;
			projectDirPath = "";
			projectRoot = "";
			targets = (
				44AA86602175CC9900AD2F88 /* FoldingTableView */,
			);
		};
/* End PBXProject section */

/* Begin PBXResourcesBuildPhase section */
		44AA865F2175CC9900AD2F88 /* Resources */ = {
			isa = PBXResourcesBuildPhase;
			buildActionMask = 2147483647;
			files = (
				44AA86712175CC9A00AD2F88 /* LaunchScreen.storyboard in Resources */,
				44AA866E2175CC9A00AD2F88 /* Assets.xcassets in Resources */,
				44AA866C2175CC9900AD2F88 /* Main.storyboard in Resources */,
				44AA86872175D30100AD2F88 /* OptionalTableViewCell.xib in Resources */,
			);
			runOnlyForDeploymentPostprocessing = 0;
		};
/* End PBXResourcesBuildPhase section */

/* Begin PBXShellScriptBuildPhase section */
		10B6F0047F31E0DE1B7B3EF3 /* [CP] Check Pods Manifest.lock */ = {
			isa = PBXShellScriptBuildPhase;
			buildActionMask = 2147483647;
			files = (
			);
			inputPaths = (
				"${PODS_PODFILE_DIR_PATH}/Podfile.lock",
				"${PODS_ROOT}/Manifest.lock",
			);
			name = "[CP] Check Pods Manifest.lock";
			outputPaths = (
				"$(DERIVED_FILE_DIR)/Pods-FoldingTableView-checkManifestLockResult.txt",
			);
			runOnlyForDeploymentPostprocessing = 0;
			shellPath = /bin/sh;
			shellScript = "diff \"${PODS_PODFILE_DIR_PATH}/Podfile.lock\" \"${PODS_ROOT}/Manifest.lock\" > /dev/null\nif [ $? != 0 ] ; then\n    # print error to STDERR\n    echo \"error: The sandbox is not in sync with the Podfile.lock. Run 'pod install' or update your CocoaPods installation.\" >&2\n    exit 1\nfi\n# This output is used by Xcode 'outputs' to avoid re-running this script phase.\necho \"SUCCESS\" > \"${SCRIPT_OUTPUT_FILE_0}\"\n";
			showEnvVarsInLog = 0;
		};
/* End PBXShellScriptBuildPhase section */

/* Begin PBXSourcesBuildPhase section */
		44AA865D2175CC9900AD2F88 /* Sources */ = {
			isa = PBXSourcesBuildPhase;
			buildActionMask = 2147483647;
			files = (
				44AA86692175CC9900AD2F88 /* ViewController.m in Sources */,
				44AA86742175CC9A00AD2F88 /* main.m in Sources */,
				44AA86662175CC9900AD2F88 /* AppDelegate.m in Sources */,
				44AA867E2175CF2F00AD2F88 /* SectionModel.m in Sources */,
				44AA868F2175DDC000AD2F88 /* CellModel.m in Sources */,
				44AA86822175CF9A00AD2F88 /* Header.m in Sources */,
				44AA86862175D30100AD2F88 /* OptionalTableViewCell.m in Sources */,
			);
			runOnlyForDeploymentPostprocessing = 0;
		};
/* End PBXSourcesBuildPhase section */

/* Begin PBXVariantGroup section */
		44AA866A2175CC9900AD2F88 /* Main.storyboard */ = {
			isa = PBXVariantGroup;
			children = (
				44AA866B2175CC9900AD2F88 /* Base */,
			);
			name = Main.storyboard;
			sourceTree = "<group>";
		};
		44AA866F2175CC9A00AD2F88 /* LaunchScreen.storyboard */ = {
			isa = PBXVariantGroup;
			children = (
				44AA86702175CC9A00AD2F88 /* Base */,
			);
			name = LaunchScreen.storyboard;
			sourceTree = "<group>";
		};
/* End PBXVariantGroup section */

/* Begin XCBuildConfiguration section */
		44AA86752175CC9A00AD2F88 /* Debug */ = {
			isa = XCBuildConfiguration;
			buildSettings = {
				ALWAYS_SEARCH_USER_PATHS = NO;
				CLANG_ANALYZER_NONNULL = YES;
				CLANG_ANALYZER_NUMBER_OBJECT_CONVERSION = YES_AGGRESSIVE;
				CLANG_CXX_LANGUAGE_STANDARD = "gnu++14";
				CLANG_CXX_LIBRARY = "libc++";
				CLANG_ENABLE_MODULES = YES;
				CLANG_ENABLE_OBJC_ARC = YES;
				CLANG_ENABLE_OBJC_WEAK = YES;
				CLANG_WARN_BLOCK_CAPTURE_AUTORELEASING = YES;
				CLANG_WARN_BOOL_CONVERSION = YES;
				CLANG_WARN_COMMA = YES;
				CLANG_WARN_CONSTANT_CONVERSION = YES;
				CLANG_WARN_DEPRECATED_OBJC_IMPLEMENTATIONS = YES;
				CLANG_WARN_DIRECT_OBJC_ISA_USAGE = YES_ERROR;
				CLANG_WARN_DOCUMENTATION_COMMENTS = YES;
				CLANG_WARN_EMPTY_BODY = YES;
				CLANG_WARN_ENUM_CONVERSION = YES;
				CLANG_WARN_INFINITE_RECURSION = YES;
				CLANG_WARN_INT_CONVERSION = YES;
				CLANG_WARN_NON_LITERAL_NULL_CONVERSION = YES;
				CLANG_WARN_OBJC_IMPLICIT_RETAIN_SELF = YES;
				CLANG_WARN_OBJC_LITERAL_CONVERSION = YES;
				CLANG_WARN_OBJC_ROOT_CLASS = YES_ERROR;
				CLANG_WARN_RANGE_LOOP_ANALYSIS = YES;
				CLANG_WARN_STRICT_PROTOTYPES = YES;
				CLANG_WARN_SUSPICIOUS_MOVE = YES;
				CLANG_WARN_UNGUARDED_AVAILABILITY = YES_AGGRESSIVE;
				CLANG_WARN_UNREACHABLE_CODE = YES;
				CLANG_WARN__DUPLICATE_METHOD_MATCH = YES;
				CODE_SIGN_IDENTITY = "iPhone Developer";
				COPY_PHASE_STRIP = NO;
				DEBUG_INFORMATION_FORMAT = dwarf;
				ENABLE_STRICT_OBJC_MSGSEND = YES;
				ENABLE_TESTABILITY = YES;
				GCC_C_LANGUAGE_STANDARD = gnu11;
				GCC_DYNAMIC_NO_PIC = NO;
				GCC_NO_COMMON_BLOCKS = YES;
				GCC_OPTIMIZATION_LEVEL = 0;
				GCC_PREPROCESSOR_DEFINITIONS = (
					"DEBUG=1",
					"$(inherited)",
				);
				GCC_WARN_64_TO_32_BIT_CONVERSION = YES;
				GCC_WARN_ABOUT_RETURN_TYPE = YES_ERROR;
				GCC_WARN_UNDECLARED_SELECTOR = YES;
				GCC_WARN_UNINITIALIZED_AUTOS = YES_AGGRESSIVE;
				GCC_WARN_UNUSED_FUNCTION = YES;
				GCC_WARN_UNUSED_VARIABLE = YES;
				IPHONEOS_DEPLOYMENT_TARGET = 11.4;
				MTL_ENABLE_DEBUG_INFO = YES;
				ONLY_ACTIVE_ARCH = YES;
				SDKROOT = iphoneos;
			};
			name = Debug;
		};
		44AA86762175CC9A00AD2F88 /* Release */ = {
			isa = XCBuildConfiguration;
			buildSettings = {
				ALWAYS_SEARCH_USER_PATHS = NO;
				CLANG_ANALYZER_NONNULL = YES;
				CLANG_ANALYZER_NUMBER_OBJECT_CONVERSION = YES_AGGRESSIVE;
				CLANG_CXX_LANGUAGE_STANDARD = "gnu++14";
				CLANG_CXX_LIBRARY = "libc++";
				CLANG_ENABLE_MODULES = YES;
				CLANG_ENABLE_OBJC_ARC = YES;
				CLANG_ENABLE_OBJC_WEAK = YES;
				CLANG_WARN_BLOCK_CAPTURE_AUTORELEASING = YES;
				CLANG_WARN_BOOL_CONVERSION = YES;
				CLANG_WARN_COMMA = YES;
				CLANG_WARN_CONSTANT_CONVERSION = YES;
				CLANG_WARN_DEPRECATED_OBJC_IMPLEMENTATIONS = YES;
				CLANG_WARN_DIRECT_OBJC_ISA_USAGE = YES_ERROR;
				CLANG_WARN_DOCUMENTATION_COMMENTS = YES;
				CLANG_WARN_EMPTY_BODY = YES;
				CLANG_WARN_ENUM_CONVERSION = YES;
				CLANG_WARN_INFINITE_RECURSION = YES;
				CLANG_WARN_INT_CONVERSION = YES;
				CLANG_WARN_NON_LITERAL_NULL_CONVERSION = YES;
				CLANG_WARN_OBJC_IMPLICIT_RETAIN_SELF = YES;
				CLANG_WARN_OBJC_LITERAL_CONVERSION = YES;
				CLANG_WARN_OBJC_ROOT_CLASS = YES_ERROR;
				CLANG_WARN_RANGE_LOOP_ANALYSIS = YES;
				CLANG_WARN_STRICT_PROTOTYPES = YES;
				CLANG_WARN_SUSPICIOUS_MOVE = YES;
				CLANG_WARN_UNGUARDED_AVAILABILITY = YES_AGGRESSIVE;
				CLANG_WARN_UNREACHABLE_CODE = YES;
				CLANG_WARN__DUPLICATE_METHOD_MATCH = YES;
				CODE_SIGN_IDENTITY = "iPhone Developer";
				COPY_PHASE_STRIP = NO;
				DEBUG_INFORMATION_FORMAT = "dwarf-with-dsym";
				ENABLE_NS_ASSERTIONS = NO;
				ENABLE_STRICT_OBJC_MSGSEND = YES;
				GCC_C_LANGUAGE_STANDARD = gnu11;
				GCC_NO_COMMON_BLOCKS = YES;
				GCC_WARN_64_TO_32_BIT_CONVERSION = YES;
				GCC_WARN_ABOUT_RETURN_TYPE = YES_ERROR;
				GCC_WARN_UNDECLARED_SELECTOR = YES;
				GCC_WARN_UNINITIALIZED_AUTOS = YES_AGGRESSIVE;
				GCC_WARN_UNUSED_FUNCTION = YES;
				GCC_WARN_UNUSED_VARIABLE = YES;
				IPHONEOS_DEPLOYMENT_TARGET = 11.4;
				MTL_ENABLE_DEBUG_INFO = NO;
				SDKROOT = iphoneos;
				VALIDATE_PRODUCT = YES;
			};
			name = Release;
		};
		44AA86782175CC9A00AD2F88 /* Debug */ = {
			isa = XCBuildConfiguration;
			baseConfigurationReference = 1639015A242CC3C1793D6E6A /* Pods-FoldingTableView.debug.xcconfig */;
			buildSettings = {
				ASSETCATALOG_COMPILER_APPICON_NAME = AppIcon;
				CODE_SIGN_STYLE = Automatic;
				DEVELOPMENT_TEAM = XPFX4D87J3;
				GCC_PREFIX_HEADER = "$(SRCROOT)/FoldingTableView/PrefixHeader.pch";
				INFOPLIST_FILE = FoldingTableView/Info.plist;
				LD_RUNPATH_SEARCH_PATHS = (
					"$(inherited)",
					"@executable_path/Frameworks",
				);
				PRODUCT_BUNDLE_IDENTIFIER = com.emmacao.FoldingTableView;
				PRODUCT_NAME = "$(TARGET_NAME)";
				TARGETED_DEVICE_FAMILY = "1,2";
			};
			name = Debug;
		};
		44AA86792175CC9A00AD2F88 /* Release */ = {
			isa = XCBuildConfiguration;
			baseConfigurationReference = 1B2F967DF202DE6238B5E905 /* Pods-FoldingTableView.release.xcconfig */;
			buildSettings = {
				ASSETCATALOG_COMPILER_APPICON_NAME = AppIcon;
				CODE_SIGN_STYLE = Automatic;
				DEVELOPMENT_TEAM = XPFX4D87J3;
				GCC_PREFIX_HEADER = "$(SRCROOT)/FoldingTableView/PrefixHeader.pch";
				INFOPLIST_FILE = FoldingTableView/Info.plist;
				LD_RUNPATH_SEARCH_PATHS = (
					"$(inherited)",
					"@executable_path/Frameworks",
				);
				PRODUCT_BUNDLE_IDENTIFIER = com.emmacao.FoldingTableView;
				PRODUCT_NAME = "$(TARGET_NAME)";
				TARGETED_DEVICE_FAMILY = "1,2";
			};
			name = Release;
		};
/* End XCBuildConfiguration section */

/* Begin XCConfigurationList section */
		44AA865C2175CC9900AD2F88 /* Build configuration list for PBXProject "FoldingTableView" */ = {
			isa = XCConfigurationList;
			buildConfigurations = (
				44AA86752175CC9A00AD2F88 /* Debug */,
				44AA86762175CC9A00AD2F88 /* Release */,
			);
			defaultConfigurationIsVisible = 0;
			defaultConfigurationName = Release;
		};
		44AA86772175CC9A00AD2F88 /* Build configuration list for PBXNativeTarget "FoldingTableView" */ = {
			isa = XCConfigurationList;
			buildConfigurations = (
				44AA86782175CC9A00AD2F88 /* Debug */,
				44AA86792175CC9A00AD2F88 /* Release */,
			);
			defaultConfigurationIsVisible = 0;
			defaultConfigurationName = Release;
		};
/* End XCConfigurationList section */
	};
	rootObject = 44AA86592175CC9900AD2F88 /* Project object */;
}
